
Microsoft Visual Studio Solution File, Format Version 12.00
# Visual Studio Version 17
VisualStudioVersion = 17.7.34221.43
MinimumVisualStudioVersion = 10.0.40219.1
Project("{FAE04EC0-301F-11D3-BF4B-00C04F79EFBC}") = "projektprogramowanie", "projektprogramowanie\projektprogramowanie.csproj", "{A9B939D0-267E-4DB3-8C78-7CEED703D6EA}"
EndProject
Global
	GlobalSection(SolutionConfigurationPlatforms) = preSolution
		Debug|Any CPU = Debug|Any CPU
		Release|Any CPU = Release|Any CPU
	EndGlobalSection
	GlobalSection(ProjectConfigurationPlatforms) = postSolution
		{A9B939D0-267E-4DB3-8C78-7CEED703D6EA}.Debug|Any CPU.ActiveCfg = Debug|Any CPU
		{A9B939D0-267E-4DB3-8C78-7CEED703D6EA}.Debug|Any CPU.Build.0 = Debug|Any CPU
		{A9B939D0-267E-4DB3-8C78-7CEED703D6EA}.Release|Any CPU.ActiveCfg = Release|Any CPU
		{A9B939D0-267E-4DB3-8C78-7CEED703D6EA}.Release|Any CPU.Build.0 = Release|Any CPU
	EndGlobalSection
	GlobalSection(SolutionProperties) = preSolution
		HideSolutionNode = FALSE
	EndGlobalSection
	GlobalSection(ExtensibilityGlobals) = postSolution
		SolutionGuid = {32B27797-4E25-4931-BFE6-7AE8EE52E31A}
	EndGlobalSection
EndGlobal
